PODS:
  - CRuntime (2.1.2)
  - Realm (4.3.2):
    - Realm/Headers (= 4.3.2)
  - Realm/Headers (4.3.2)
  - RealmSwift (4.3.2):
    - Realm (= 4.3.2)
  - Runtime (2.1.0):
    - CRuntime
  - Unrealm (1.0.4):
    - RealmSwift (= 4.3.2)
    - Runtime (= 2.1.0)

DEPENDENCIES:
  - RealmSwift
  - Unrealm

SPEC REPOS:
  https://github.com/cocoapods/specs.git:
    - CRuntime
    - Realm
    - RealmSwift
    - Runtime
    - Unrealm

SPEC CHECKSUMS:
  CRuntime: d7ae373e07ab36e92ad273259557e3817e0c214b
  Realm: 5e92902e2875dff4bb0fd02f67bb737c3d5db2bc
  RealmSwift: 9a360fc7bae04fc2e308a34fbd899d5faa2d6b22
  Runtime: 3e42815d18fa3075631768e79f02be2ad7e2b18f
  Unrealm: 0f58b5bca9be7319356fa16ee65a570c2ac04b17

PODFILE CHECKSUM: 467075e0094dcc842ecc7453240648c79fa21d70

COCOAPODS: 1.6.0
