// !$*UTF8*$!
{
	archiveVersion = 1;
	classes = {
	};
	objectVersion = 50;
	objects = {

/* Begin PBXBuildFile section */
		12F65B53F877180C6862D8CD /* Pods_drawl.framework in Frameworks */ = {isa = PBXBuildFile; fileRef = 6B1C5A8880FBC7CDC4FE6671 /* Pods_drawl.framework */; };
		A657477824CF3EEE009D036B /* AppDelegate.swift in Sources */ = {isa = PBXBuildFile; fileRef = A657477724CF3EEE009D036B /* AppDelegate.swift */; };
		A657477A24CF3EEE009D036B /* SceneDelegate.swift in Sources */ = {isa = PBXBuildFile; fileRef = A657477924CF3EEE009D036B /* SceneDelegate.swift */; };
		A657477F24CF3EEE009D036B /* Main.storyboard in Resources */ = {isa = PBXBuildFile; fileRef = A657477D24CF3EEE009D036B /* Main.storyboard */; };
		A657478124CF3EF1009D036B /* Assets.xcassets in Resources */ = {isa = PBXBuildFile; fileRef = A657478024CF3EF1009D036B /* Assets.xcassets */; };
		A657478424CF3EF1009D036B /* LaunchScreen.storyboard in Resources */ = {isa = PBXBuildFile; fileRef = A657478224CF3EF1009D036B /* LaunchScreen.storyboard */; };
		A657478F24CF3EF1009D036B /* drawlTests.swift in Sources */ = {isa = PBXBuildFile; fileRef = A657478E24CF3EF1009D036B /* drawlTests.swift */; };
		A657479A24CF3FDC009D036B /* SketchPadViewController.swift in Sources */ = {isa = PBXBuildFile; fileRef = A657479924CF3FDC009D036B /* SketchPadViewController.swift */; };
		A657479C24CF3FF1009D036B /* DrawingListTableViewController.swift in Sources */ = {isa = PBXBuildFile; fileRef = A657479B24CF3FF1009D036B /* DrawingListTableViewController.swift */; };
		A657479E24CF425E009D036B /* Helpers.swift in Sources */ = {isa = PBXBuildFile; fileRef = A657479D24CF425E009D036B /* Helpers.swift */; };
		A65747A024CF43DC009D036B /* DrawingView.swift in Sources */ = {isa = PBXBuildFile; fileRef = A657479F24CF43DC009D036B /* DrawingView.swift */; };
		A65747A624D08EEB009D036B /* DrawingCache.swift in Sources */ = {isa = PBXBuildFile; fileRef = A65747A524D08EEB009D036B /* DrawingCache.swift */; };
		A65747A924D08F01009D036B /* Drawing.swift in Sources */ = {isa = PBXBuildFile; fileRef = A65747A824D08F01009D036B /* Drawing.swift */; };
		A6CFAB4424D09C2F0073F539 /* DrawingCell.swift in Sources */ = {isa = PBXBuildFile; fileRef = A6CFAB4324D09C2F0073F539 /* DrawingCell.swift */; };
		A6CFAB4A24D0AA670073F539 /* TabBarController.swift in Sources */ = {isa = PBXBuildFile; fileRef = A6CFAB4924D0AA670073F539 /* TabBarController.swift */; };
		FD82F18E74E125194BA65649 /* Pods_drawlTests.framework in Frameworks */ = {isa = PBXBuildFile; fileRef = 41C713D2F025B55567B6CCD3 /* Pods_drawlTests.framework */; };
/* End PBXBuildFile section */

/* Begin PBXContainerItemProxy section */
		A657478B24CF3EF1009D036B /* PBXContainerItemProxy */ = {
			isa = PBXContainerItemProxy;
			containerPortal = A657476C24CF3EEE009D036B /* Project object */;
			proxyType = 1;
			remoteGlobalIDString = A657477324CF3EEE009D036B;
			remoteInfo = drawl;
		};
/* End PBXContainerItemProxy section */

/* Begin PBXFileReference section */
		40E7E666DBEBCBA17D470BCA /* Pods-drawl.debug.xcconfig */ = {isa = PBXFileReference; includeInIndex = 1; lastKnownFileType = text.xcconfig; name = "Pods-drawl.debug.xcconfig"; path = "Target Support Files/Pods-drawl/Pods-drawl.debug.xcconfig"; sourceTree = "<group>"; };
		41C713D2F025B55567B6CCD3 /* Pods_drawlTests.framework */ = {isa = PBXFileReference; explicitFileType = wrapper.framework; includeInIndex = 0; path = Pods_drawlTests.framework; sourceTree = BUILT_PRODUCTS_DIR; };
		5A3DEF7372ECBE4A36C4DF65 /* Pods-drawlTests.release.xcconfig */ = {isa = PBXFileReference; includeInIndex = 1; lastKnownFileType = text.xcconfig; name = "Pods-drawlTests.release.xcconfig"; path = "Target Support Files/Pods-drawlTests/Pods-drawlTests.release.xcconfig"; sourceTree = "<group>"; };
		6B1C5A8880FBC7CDC4FE6671 /* Pods_drawl.framework */ = {isa = PBXFileReference; explicitFileType = wrapper.framework; includeInIndex = 0; path = Pods_drawl.framework; sourceTree = BUILT_PRODUCTS_DIR; };
		95F2AD4CEDF1450E701441BF /* Pods-drawl.release.xcconfig */ = {isa = PBXFileReference; includeInIndex = 1; lastKnownFileType = text.xcconfig; name = "Pods-drawl.release.xcconfig"; path = "Target Support Files/Pods-drawl/Pods-drawl.release.xcconfig"; sourceTree = "<group>"; };
		A657477424CF3EEE009D036B /* drawl.app */ = {isa = PBXFileReference; explicitFileType = wrapper.application; includeInIndex = 0; path = drawl.app; sourceTree = BUILT_PRODUCTS_DIR; };
		A657477724CF3EEE009D036B /* AppDelegate.swift */ = {isa = PBXFileReference; lastKnownFileType = sourcecode.swift; path = AppDelegate.swift; sourceTree = "<group>"; };
		A657477924CF3EEE009D036B /* SceneDelegate.swift */ = {isa = PBXFileReference; lastKnownFileType = sourcecode.swift; path = SceneDelegate.swift; sourceTree = "<group>"; };
		A657477E24CF3EEE009D036B /* Base */ = {isa = PBXFileReference; lastKnownFileType = file.storyboard; name = Base; path = Base.lproj/Main.storyboard; sourceTree = "<group>"; };
		A657478024CF3EF1009D036B /* Assets.xcassets */ = {isa = PBXFileReference; lastKnownFileType = folder.assetcatalog; path = Assets.xcassets; sourceTree = "<group>"; };
		A657478324CF3EF1009D036B /* Base */ = {isa = PBXFileReference; lastKnownFileType = file.storyboard; name = Base; path = Base.lproj/LaunchScreen.storyboard; sourceTree = "<group>"; };
		A657478524CF3EF1009D036B /* Info.plist */ = {isa = PBXFileReference; lastKnownFileType = text.plist.xml; path = Info.plist; sourceTree = "<group>"; };
		A657478A24CF3EF1009D036B /* drawlTests.xctest */ = {isa = PBXFileReference; explicitFileType = wrapper.cfbundle; includeInIndex = 0; path = drawlTests.xctest; sourceTree = BUILT_PRODUCTS_DIR; };
		A657478E24CF3EF1009D036B /* drawlTests.swift */ = {isa = PBXFileReference; lastKnownFileType = sourcecode.swift; path = drawlTests.swift; sourceTree = "<group>"; };
		A657479024CF3EF1009D036B /* Info.plist */ = {isa = PBXFileReference; lastKnownFileType = text.plist.xml; path = Info.plist; sourceTree = "<group>"; };
		A657479924CF3FDC009D036B /* SketchPadViewController.swift */ = {isa = PBXFileReference; lastKnownFileType = sourcecode.swift; path = SketchPadViewController.swift; sourceTree = "<group>"; };
		A657479B24CF3FF1009D036B /* DrawingListTableViewController.swift */ = {isa = PBXFileReference; lastKnownFileType = sourcecode.swift; path = DrawingListTableViewController.swift; sourceTree = "<group>"; };
		A657479D24CF425E009D036B /* Helpers.swift */ = {isa = PBXFileReference; lastKnownFileType = sourcecode.swift; path = Helpers.swift; sourceTree = "<group>"; };
		A657479F24CF43DC009D036B /* DrawingView.swift */ = {isa = PBXFileReference; lastKnownFileType = sourcecode.swift; path = DrawingView.swift; sourceTree = "<group>"; };
		A65747A524D08EEB009D036B /* DrawingCache.swift */ = {isa = PBXFileReference; lastKnownFileType = sourcecode.swift; path = DrawingCache.swift; sourceTree = "<group>"; };
		A65747A824D08F01009D036B /* Drawing.swift */ = {isa = PBXFileReference; lastKnownFileType = sourcecode.swift; path = Drawing.swift; sourceTree = "<group>"; };
		A6CFAB4324D09C2F0073F539 /* DrawingCell.swift */ = {isa = PBXFileReference; lastKnownFileType = sourcecode.swift; path = DrawingCell.swift; sourceTree = "<group>"; };
		A6CFAB4924D0AA670073F539 /* TabBarController.swift */ = {isa = PBXFileReference; lastKnownFileType = sourcecode.swift; path = TabBarController.swift; sourceTree = "<group>"; };
		DB1466F44823365555240757 /* Pods-drawlTests.debug.xcconfig */ = {isa = PBXFileReference; includeInIndex = 1; lastKnownFileType = text.xcconfig; name = "Pods-drawlTests.debug.xcconfig"; path = "Target Support Files/Pods-drawlTests/Pods-drawlTests.debug.xcconfig"; sourceTree = "<group>"; };
/* End PBXFileReference section */

/* Begin PBXFrameworksBuildPhase section */
		A657477124CF3EEE009D036B /* Frameworks */ = {
			isa = PBXFrameworksBuildPhase;
			buildActionMask = 2147483647;
			files = (
				12F65B53F877180C6862D8CD /* Pods_drawl.framework in Frameworks */,
			);
			runOnlyForDeploymentPostprocessing = 0;
		};
		A657478724CF3EF1009D036B /* Frameworks */ = {
			isa = PBXFrameworksBuildPhase;
			buildActionMask = 2147483647;
			files = (
				FD82F18E74E125194BA65649 /* Pods_drawlTests.framework in Frameworks */,
			);
			runOnlyForDeploymentPostprocessing = 0;
		};
/* End PBXFrameworksBuildPhase section */

/* Begin PBXGroup section */
		A657476B24CF3EEE009D036B = {
			isa = PBXGroup;
			children = (
				A657477624CF3EEE009D036B /* drawl */,
				A657478D24CF3EF1009D036B /* drawlTests */,
				A657477524CF3EEE009D036B /* Products */,
				E086F310C054AB17EE2E1DB4 /* Pods */,
				C019897D9D178B395A3D316F /* Frameworks */,
			);
			sourceTree = "<group>";
		};
		A657477524CF3EEE009D036B /* Products */ = {
			isa = PBXGroup;
			children = (
				A657477424CF3EEE009D036B /* drawl.app */,
				A657478A24CF3EF1009D036B /* drawlTests.xctest */,
			);
			name = Products;
			sourceTree = "<group>";
		};
		A657477624CF3EEE009D036B /* drawl */ = {
			isa = PBXGroup;
			children = (
				A6CFAB4224D09C240073F539 /* Cells */,
				A65747A724D08EFC009D036B /* Models */,
				A65747A424D08EC4009D036B /* Controllers */,
				A65747A324D08EBD009D036B /* Views */,
				A65747A224D08EB4009D036B /* Helpers */,
				A65747A124D08EAA009D036B /* Caches */,
				A657477724CF3EEE009D036B /* AppDelegate.swift */,
				A657477924CF3EEE009D036B /* SceneDelegate.swift */,
				A657477D24CF3EEE009D036B /* Main.storyboard */,
				A657478024CF3EF1009D036B /* Assets.xcassets */,
				A657478224CF3EF1009D036B /* LaunchScreen.storyboard */,
				A657478524CF3EF1009D036B /* Info.plist */,
			);
			path = drawl;
			sourceTree = "<group>";
		};
		A657478D24CF3EF1009D036B /* drawlTests */ = {
			isa = PBXGroup;
			children = (
				A657478E24CF3EF1009D036B /* drawlTests.swift */,
				A657479024CF3EF1009D036B /* Info.plist */,
			);
			path = drawlTests;
			sourceTree = "<group>";
		};
		A65747A124D08EAA009D036B /* Caches */ = {
			isa = PBXGroup;
			children = (
				A65747A524D08EEB009D036B /* DrawingCache.swift */,
			);
			path = Caches;
			sourceTree = "<group>";
		};
		A65747A224D08EB4009D036B /* Helpers */ = {
			isa = PBXGroup;
			children = (
				A657479D24CF425E009D036B /* Helpers.swift */,
			);
			path = Helpers;
			sourceTree = "<group>";
		};
		A65747A324D08EBD009D036B /* Views */ = {
			isa = PBXGroup;
			children = (
				A657479F24CF43DC009D036B /* DrawingView.swift */,
			);
			path = Views;
			sourceTree = "<group>";
		};
		A65747A424D08EC4009D036B /* Controllers */ = {
			isa = PBXGroup;
			children = (
				A657479924CF3FDC009D036B /* SketchPadViewController.swift */,
				A657479B24CF3FF1009D036B /* DrawingListTableViewController.swift */,
				A6CFAB4924D0AA670073F539 /* TabBarController.swift */,
			);
			path = Controllers;
			sourceTree = "<group>";
		};
		A65747A724D08EFC009D036B /* Models */ = {
			isa = PBXGroup;
			children = (
				A65747A824D08F01009D036B /* Drawing.swift */,
			);
			path = Models;
			sourceTree = "<group>";
		};
		A6CFAB4224D09C240073F539 /* Cells */ = {
			isa = PBXGroup;
			children = (
				A6CFAB4324D09C2F0073F539 /* DrawingCell.swift */,
			);
			path = Cells;
			sourceTree = "<group>";
		};
		C019897D9D178B395A3D316F /* Frameworks */ = {
			isa = PBXGroup;
			children = (
				6B1C5A8880FBC7CDC4FE6671 /* Pods_drawl.framework */,
				41C713D2F025B55567B6CCD3 /* Pods_drawlTests.framework */,
			);
			name = Frameworks;
			sourceTree = "<group>";
		};
		E086F310C054AB17EE2E1DB4 /* Pods */ = {
			isa = PBXGroup;
			children = (
				40E7E666DBEBCBA17D470BCA /* Pods-drawl.debug.xcconfig */,
				95F2AD4CEDF1450E701441BF /* Pods-drawl.release.xcconfig */,
				DB1466F44823365555240757 /* Pods-drawlTests.debug.xcconfig */,
				5A3DEF7372ECBE4A36C4DF65 /* Pods-drawlTests.release.xcconfig */,
			);
			name = Pods;
			path = Pods;
			sourceTree = "<group>";
		};
/* End PBXGroup section */

/* Begin PBXNativeTarget section */
		A657477324CF3EEE009D036B /* drawl */ = {
			isa = PBXNativeTarget;
			buildConfigurationList = A657479324CF3EF1009D036B /* Build configuration list for PBXNativeTarget "drawl" */;
			buildPhases = (
				23E68C99F7C851D92DB2C1ED /* [CP] Check Pods Manifest.lock */,
				A657477024CF3EEE009D036B /* Sources */,
				A657477124CF3EEE009D036B /* Frameworks */,
				A657477224CF3EEE009D036B /* Resources */,
				D2AF5EBACCA169FAD9411AD1 /* [CP] Embed Pods Frameworks */,
			);
			buildRules = (
			);
			dependencies = (
			);
			name = drawl;
			productName = drawl;
			productReference = A657477424CF3EEE009D036B /* drawl.app */;
			productType = "com.apple.product-type.application";
		};
		A657478924CF3EF1009D036B /* drawlTests */ = {
			isa = PBXNativeTarget;
			buildConfigurationList = A657479624CF3EF1009D036B /* Build configuration list for PBXNativeTarget "drawlTests" */;
			buildPhases = (
				3FCE66E7560271625AD4E378 /* [CP] Check Pods Manifest.lock */,
				A657478624CF3EF1009D036B /* Sources */,
				A657478724CF3EF1009D036B /* Frameworks */,
				A657478824CF3EF1009D036B /* Resources */,
			);
			buildRules = (
			);
			dependencies = (
				A657478C24CF3EF1009D036B /* PBXTargetDependency */,
			);
			name = drawlTests;
			productName = drawlTests;
			productReference = A657478A24CF3EF1009D036B /* drawlTests.xctest */;
			productType = "com.apple.product-type.bundle.unit-test";
		};
/* End PBXNativeTarget section */

/* Begin PBXProject section */
		A657476C24CF3EEE009D036B /* Project object */ = {
			isa = PBXProject;
			attributes = {
				LastSwiftUpdateCheck = 1160;
				LastUpgradeCheck = 1160;
				ORGANIZATIONNAME = "Nick Coelius";
				TargetAttributes = {
					A657477324CF3EEE009D036B = {
						CreatedOnToolsVersion = 11.6;
					};
					A657478924CF3EF1009D036B = {
						CreatedOnToolsVersion = 11.6;
						TestTargetID = A657477324CF3EEE009D036B;
					};
				};
			};
			buildConfigurationList = A657476F24CF3EEE009D036B /* Build configuration list for PBXProject "drawl" */;
			compatibilityVersion = "Xcode 9.3";
			developmentRegion = en;
			hasScannedForEncodings = 0;
			knownRegions = (
				en,
				Base,
			);
			mainGroup = A657476B24CF3EEE009D036B;
			productRefGroup = A657477524CF3EEE009D036B /* Products */;
			projectDirPath = "";
			projectRoot = "";
			targets = (
				A657477324CF3EEE009D036B /* drawl */,
				A657478924CF3EF1009D036B /* drawlTests */,
			);
		};
/* End PBXProject section */

/* Begin PBXResourcesBuildPhase section */
		A657477224CF3EEE009D036B /* Resources */ = {
			isa = PBXResourcesBuildPhase;
			buildActionMask = 2147483647;
			files = (
				A657478424CF3EF1009D036B /* LaunchScreen.storyboard in Resources */,
				A657478124CF3EF1009D036B /* Assets.xcassets in Resources */,
				A657477F24CF3EEE009D036B /* Main.storyboard in Resources */,
			);
			runOnlyForDeploymentPostprocessing = 0;
		};
		A657478824CF3EF1009D036B /* Resources */ = {
			isa = PBXResourcesBuildPhase;
			buildActionMask = 2147483647;
			files = (
			);
			runOnlyForDeploymentPostprocessing = 0;
		};
/* End PBXResourcesBuildPhase section */

/* Begin PBXShellScriptBuildPhase section */
		23E68C99F7C851D92DB2C1ED /* [CP] Check Pods Manifest.lock */ = {
			isa = PBXShellScriptBuildPhase;
			buildActionMask = 2147483647;
			files = (
			);
			inputFileListPaths = (
			);
			inputPaths = (
				"${PODS_PODFILE_DIR_PATH}/Podfile.lock",
				"${PODS_ROOT}/Manifest.lock",
			);
			name = "[CP] Check Pods Manifest.lock";
			outputFileListPaths = (
			);
			outputPaths = (
				"$(DERIVED_FILE_DIR)/Pods-drawl-checkManifestLockResult.txt",
			);
			runOnlyForDeploymentPostprocessing = 0;
			shellPath = /bin/sh;
			shellScript = "diff \"${PODS_PODFILE_DIR_PATH}/Podfile.lock\" \"${PODS_ROOT}/Manifest.lock\" > /dev/null\nif [ $? != 0 ] ; then\n    # print error to STDERR\n    echo \"error: The sandbox is not in sync with the Podfile.lock. Run 'pod install' or update your CocoaPods installation.\" >&2\n    exit 1\nfi\n# This output is used by Xcode 'outputs' to avoid re-running this script phase.\necho \"SUCCESS\" > \"${SCRIPT_OUTPUT_FILE_0}\"\n";
			showEnvVarsInLog = 0;
		};
		3FCE66E7560271625AD4E378 /* [CP] Check Pods Manifest.lock */ = {
			isa = PBXShellScriptBuildPhase;
			buildActionMask = 2147483647;
			files = (
			);
			inputFileListPaths = (
			);
			inputPaths = (
				"${PODS_PODFILE_DIR_PATH}/Podfile.lock",
				"${PODS_ROOT}/Manifest.lock",
			);
			name = "[CP] Check Pods Manifest.lock";
			outputFileListPaths = (
			);
			outputPaths = (
				"$(DERIVED_FILE_DIR)/Pods-drawlTests-checkManifestLockResult.txt",
			);
			runOnlyForDeploymentPostprocessing = 0;
			shellPath = /bin/sh;
			shellScript = "diff \"${PODS_PODFILE_DIR_PATH}/Podfile.lock\" \"${PODS_ROOT}/Manifest.lock\" > /dev/null\nif [ $? != 0 ] ; then\n    # print error to STDERR\n    echo \"error: The sandbox is not in sync with the Podfile.lock. Run 'pod install' or update your CocoaPods installation.\" >&2\n    exit 1\nfi\n# This output is used by Xcode 'outputs' to avoid re-running this script phase.\necho \"SUCCESS\" > \"${SCRIPT_OUTPUT_FILE_0}\"\n";
			showEnvVarsInLog = 0;
		};
		D2AF5EBACCA169FAD9411AD1 /* [CP] Embed Pods Frameworks */ = {
			isa = PBXShellScriptBuildPhase;
			buildActionMask = 2147483647;
			files = (
			);
			inputFileListPaths = (
			);
			inputPaths = (
				"${PODS_ROOT}/Target Support Files/Pods-drawl/Pods-drawl-frameworks.sh",
				"${BUILT_PRODUCTS_DIR}/Realm/Realm.framework",
				"${BUILT_PRODUCTS_DIR}/RealmSwift/RealmSwift.framework",
			);
			name = "[CP] Embed Pods Frameworks";
			outputFileListPaths = (
			);
			outputPaths = (
				"${TARGET_BUILD_DIR}/${FRAMEWORKS_FOLDER_PATH}/Realm.framework",
				"${TARGET_BUILD_DIR}/${FRAMEWORKS_FOLDER_PATH}/RealmSwift.framework",
			);
			runOnlyForDeploymentPostprocessing = 0;
			shellPath = /bin/sh;
			shellScript = "\"${PODS_ROOT}/Target Support Files/Pods-drawl/Pods-drawl-frameworks.sh\"\n";
			showEnvVarsInLog = 0;
		};
/* End PBXShellScriptBuildPhase section */

/* Begin PBXSourcesBuildPhase section */
		A657477024CF3EEE009D036B /* Sources */ = {
			isa = PBXSourcesBuildPhase;
			buildActionMask = 2147483647;
			files = (
				A657479C24CF3FF1009D036B /* DrawingListTableViewController.swift in Sources */,
				A657479E24CF425E009D036B /* Helpers.swift in Sources */,
				A65747A024CF43DC009D036B /* DrawingView.swift in Sources */,
				A6CFAB4A24D0AA670073F539 /* TabBarController.swift in Sources */,
				A657477824CF3EEE009D036B /* AppDelegate.swift in Sources */,
				A6CFAB4424D09C2F0073F539 /* DrawingCell.swift in Sources */,
				A657479A24CF3FDC009D036B /* SketchPadViewController.swift in Sources */,
				A65747A924D08F01009D036B /* Drawing.swift in Sources */,
				A65747A624D08EEB009D036B /* DrawingCache.swift in Sources */,
				A657477A24CF3EEE009D036B /* SceneDelegate.swift in Sources */,
			);
			runOnlyForDeploymentPostprocessing = 0;
		};
		A657478624CF3EF1009D036B /* Sources */ = {
			isa = PBXSourcesBuildPhase;
			buildActionMask = 2147483647;
			files = (
				A657478F24CF3EF1009D036B /* drawlTests.swift in Sources */,
			);
			runOnlyForDeploymentPostprocessing = 0;
		};
/* End PBXSourcesBuildPhase section */

/* Begin PBXTargetDependency section */
		A657478C24CF3EF1009D036B /* PBXTargetDependency */ = {
			isa = PBXTargetDependency;
			target = A657477324CF3EEE009D036B /* drawl */;
			targetProxy = A657478B24CF3EF1009D036B /* PBXContainerItemProxy */;
		};
/* End PBXTargetDependency section */

/* Begin PBXVariantGroup section */
		A657477D24CF3EEE009D036B /* Main.storyboard */ = {
			isa = PBXVariantGroup;
			children = (
				A657477E24CF3EEE009D036B /* Base */,
			);
			name = Main.storyboard;
			sourceTree = "<group>";
		};
		A657478224CF3EF1009D036B /* LaunchScreen.storyboard */ = {
			isa = PBXVariantGroup;
			children = (
				A657478324CF3EF1009D036B /* Base */,
			);
			name = LaunchScreen.storyboard;
			sourceTree = "<group>";
		};
/* End PBXVariantGroup section */

/* Begin XCBuildConfiguration section */
		A657479124CF3EF1009D036B /* Debug */ = {
			isa = XCBuildConfiguration;
			buildSettings = {
				ALWAYS_SEARCH_USER_PATHS = NO;
				CLANG_ANALYZER_NONNULL = YES;
				CLANG_ANALYZER_NUMBER_OBJECT_CONVERSION = YES_AGGRESSIVE;
				CLANG_CXX_LANGUAGE_STANDARD = "gnu++14";
				CLANG_CXX_LIBRARY = "libc++";
				CLANG_ENABLE_MODULES = YES;
				CLANG_ENABLE_OBJC_ARC = YES;
				CLANG_ENABLE_OBJC_WEAK = YES;
				CLANG_WARN_BLOCK_CAPTURE_AUTORELEASING = YES;
				CLANG_WARN_BOOL_CONVERSION = YES;
				CLANG_WARN_COMMA = YES;
				CLANG_WARN_CONSTANT_CONVERSION = YES;
				CLANG_WARN_DEPRECATED_OBJC_IMPLEMENTATIONS = YES;
				CLANG_WARN_DIRECT_OBJC_ISA_USAGE = YES_ERROR;
				CLANG_WARN_DOCUMENTATION_COMMENTS = YES;
				CLANG_WARN_EMPTY_BODY = YES;
				CLANG_WARN_ENUM_CONVERSION = YES;
				CLANG_WARN_INFINITE_RECURSION = YES;
				CLANG_WARN_INT_CONVERSION = YES;
				CLANG_WARN_NON_LITERAL_NULL_CONVERSION = YES;
				CLANG_WARN_OBJC_IMPLICIT_RETAIN_SELF = YES;
				CLANG_WARN_OBJC_LITERAL_CONVERSION = YES;
				CLANG_WARN_OBJC_ROOT_CLASS = YES_ERROR;
				CLANG_WARN_RANGE_LOOP_ANALYSIS = YES;
				CLANG_WARN_STRICT_PROTOTYPES = YES;
				CLANG_WARN_SUSPICIOUS_MOVE = YES;
				CLANG_WARN_UNGUARDED_AVAILABILITY = YES_AGGRESSIVE;
				CLANG_WARN_UNREACHABLE_CODE = YES;
				CLANG_WARN__DUPLICATE_METHOD_MATCH = YES;
				COPY_PHASE_STRIP = NO;
				DEBUG_INFORMATION_FORMAT = dwarf;
				ENABLE_STRICT_OBJC_MSGSEND = YES;
				ENABLE_TESTABILITY = YES;
				GCC_C_LANGUAGE_STANDARD = gnu11;
				GCC_DYNAMIC_NO_PIC = NO;
				GCC_NO_COMMON_BLOCKS = YES;
				GCC_OPTIMIZATION_LEVEL = 0;
				GCC_PREPROCESSOR_DEFINITIONS = (
					"DEBUG=1",
					"$(inherited)",
				);
				GCC_WARN_64_TO_32_BIT_CONVERSION = YES;
				GCC_WARN_ABOUT_RETURN_TYPE = YES_ERROR;
				GCC_WARN_UNDECLARED_SELECTOR = YES;
				GCC_WARN_UNINITIALIZED_AUTOS = YES_AGGRESSIVE;
				GCC_WARN_UNUSED_FUNCTION = YES;
				GCC_WARN_UNUSED_VARIABLE = YES;
				IPHONEOS_DEPLOYMENT_TARGET = 13.6;
				MTL_ENABLE_DEBUG_INFO = INCLUDE_SOURCE;
				MTL_FAST_MATH = YES;
				ONLY_ACTIVE_ARCH = YES;
				SDKROOT = iphoneos;
				SWIFT_ACTIVE_COMPILATION_CONDITIONS = DEBUG;
				SWIFT_OPTIMIZATION_LEVEL = "-Onone";
			};
			name = Debug;
		};
		A657479224CF3EF1009D036B /* Release */ = {
			isa = XCBuildConfiguration;
			buildSettings = {
				ALWAYS_SEARCH_USER_PATHS = NO;
				CLANG_ANALYZER_NONNULL = YES;
				CLANG_ANALYZER_NUMBER_OBJECT_CONVERSION = YES_AGGRESSIVE;
				CLANG_CXX_LANGUAGE_STANDARD = "gnu++14";
				CLANG_CXX_LIBRARY = "libc++";
				CLANG_ENABLE_MODULES = YES;
				CLANG_ENABLE_OBJC_ARC = YES;
				CLANG_ENABLE_OBJC_WEAK = YES;
				CLANG_WARN_BLOCK_CAPTURE_AUTORELEASING = YES;
				CLANG_WARN_BOOL_CONVERSION = YES;
				CLANG_WARN_COMMA = YES;
				CLANG_WARN_CONSTANT_CONVERSION = YES;
				CLANG_WARN_DEPRECATED_OBJC_IMPLEMENTATIONS = YES;
				CLANG_WARN_DIRECT_OBJC_ISA_USAGE = YES_ERROR;
				CLANG_WARN_DOCUMENTATION_COMMENTS = YES;
				CLANG_WARN_EMPTY_BODY = YES;
				CLANG_WARN_ENUM_CONVERSION = YES;
				CLANG_WARN_INFINITE_RECURSION = YES;
				CLANG_WARN_INT_CONVERSION = YES;
				CLANG_WARN_NON_LITERAL_NULL_CONVERSION = YES;
				CLANG_WARN_OBJC_IMPLICIT_RETAIN_SELF = YES;
				CLANG_WARN_OBJC_LITERAL_CONVERSION = YES;
				CLANG_WARN_OBJC_ROOT_CLASS = YES_ERROR;
				CLANG_WARN_RANGE_LOOP_ANALYSIS = YES;
				CLANG_WARN_STRICT_PROTOTYPES = YES;
				CLANG_WARN_SUSPICIOUS_MOVE = YES;
				CLANG_WARN_UNGUARDED_AVAILABILITY = YES_AGGRESSIVE;
				CLANG_WARN_UNREACHABLE_CODE = YES;
				CLANG_WARN__DUPLICATE_METHOD_MATCH = YES;
				COPY_PHASE_STRIP = NO;
				DEBUG_INFORMATION_FORMAT = "dwarf-with-dsym";
				ENABLE_NS_ASSERTIONS = NO;
				ENABLE_STRICT_OBJC_MSGSEND = YES;
				GCC_C_LANGUAGE_STANDARD = gnu11;
				GCC_NO_COMMON_BLOCKS = YES;
				GCC_WARN_64_TO_32_BIT_CONVERSION = YES;
				GCC_WARN_ABOUT_RETURN_TYPE = YES_ERROR;
				GCC_WARN_UNDECLARED_SELECTOR = YES;
				GCC_WARN_UNINITIALIZED_AUTOS = YES_AGGRESSIVE;
				GCC_WARN_UNUSED_FUNCTION = YES;
				GCC_WARN_UNUSED_VARIABLE = YES;
				IPHONEOS_DEPLOYMENT_TARGET = 13.6;
				MTL_ENABLE_DEBUG_INFO = NO;
				MTL_FAST_MATH = YES;
				SDKROOT = iphoneos;
				SWIFT_COMPILATION_MODE = wholemodule;
				SWIFT_OPTIMIZATION_LEVEL = "-O";
				VALIDATE_PRODUCT = YES;
			};
			name = Release;
		};
		A657479424CF3EF1009D036B /* Debug */ = {
			isa = XCBuildConfiguration;
			baseConfigurationReference = 40E7E666DBEBCBA17D470BCA /* Pods-drawl.debug.xcconfig */;
			buildSettings = {
				ASSETCATALOG_COMPILER_APPICON_NAME = AppIcon;
				CODE_SIGN_STYLE = Automatic;
				DEVELOPMENT_TEAM = G6SE7832JT;
				INFOPLIST_FILE = drawl/Info.plist;
				LD_RUNPATH_SEARCH_PATHS = (
					"$(inherited)",
					"@executable_path/Frameworks",
				);
				PRODUCT_BUNDLE_IDENTIFIER = coelius.drawl;
				PRODUCT_NAME = "$(TARGET_NAME)";
				SWIFT_VERSION = 5.0;
				TARGETED_DEVICE_FAMILY = "1,2";
			};
			name = Debug;
		};
		A657479524CF3EF1009D036B /* Release */ = {
			isa = XCBuildConfiguration;
			baseConfigurationReference = 95F2AD4CEDF1450E701441BF /* Pods-drawl.release.xcconfig */;
			buildSettings = {
				ASSETCATALOG_COMPILER_APPICON_NAME = AppIcon;
				CODE_SIGN_STYLE = Automatic;
				DEVELOPMENT_TEAM = G6SE7832JT;
				INFOPLIST_FILE = drawl/Info.plist;
				LD_RUNPATH_SEARCH_PATHS = (
					"$(inherited)",
					"@executable_path/Frameworks",
				);
				PRODUCT_BUNDLE_IDENTIFIER = coelius.drawl;
				PRODUCT_NAME = "$(TARGET_NAME)";
				SWIFT_VERSION = 5.0;
				TARGETED_DEVICE_FAMILY = "1,2";
			};
			name = Release;
		};
		A657479724CF3EF1009D036B /* Debug */ = {
			isa = XCBuildConfiguration;
			baseConfigurationReference = DB1466F44823365555240757 /* Pods-drawlTests.debug.xcconfig */;
			buildSettings = {
				ALWAYS_EMBED_SWIFT_STANDARD_LIBRARIES = YES;
				BUNDLE_LOADER = "$(TEST_HOST)";
				CODE_SIGN_STYLE = Automatic;
				DEVELOPMENT_TEAM = G6SE7832JT;
				INFOPLIST_FILE = drawlTests/Info.plist;
				IPHONEOS_DEPLOYMENT_TARGET = 13.6;
				LD_RUNPATH_SEARCH_PATHS = (
					"$(inherited)",
					"@executable_path/Frameworks",
					"@loader_path/Frameworks",
				);
				PRODUCT_BUNDLE_IDENTIFIER = coelius.drawlTests;
				PRODUCT_NAME = "$(TARGET_NAME)";
				SWIFT_VERSION = 5.0;
				TARGETED_DEVICE_FAMILY = "1,2";
				TEST_HOST = "$(BUILT_PRODUCTS_DIR)/drawl.app/drawl";
			};
			name = Debug;
		};
		A657479824CF3EF1009D036B /* Release */ = {
			isa = XCBuildConfiguration;
			baseConfigurationReference = 5A3DEF7372ECBE4A36C4DF65 /* Pods-drawlTests.release.xcconfig */;
			buildSettings = {
				ALWAYS_EMBED_SWIFT_STANDARD_LIBRARIES = YES;
				BUNDLE_LOADER = "$(TEST_HOST)";
				CODE_SIGN_STYLE = Automatic;
				DEVELOPMENT_TEAM = G6SE7832JT;
				INFOPLIST_FILE = drawlTests/Info.plist;
				IPHONEOS_DEPLOYMENT_TARGET = 13.6;
				LD_RUNPATH_SEARCH_PATHS = (
					"$(inherited)",
					"@executable_path/Frameworks",
					"@loader_path/Frameworks",
				);
				PRODUCT_BUNDLE_IDENTIFIER = coelius.drawlTests;
				PRODUCT_NAME = "$(TARGET_NAME)";
				SWIFT_VERSION = 5.0;
				TARGETED_DEVICE_FAMILY = "1,2";
				TEST_HOST = "$(BUILT_PRODUCTS_DIR)/drawl.app/drawl";
			};
			name = Release;
		};
/* End XCBuildConfiguration section */

/* Begin XCConfigurationList section */
		A657476F24CF3EEE009D036B /* Build configuration list for PBXProject "drawl" */ = {
			isa = XCConfigurationList;
			buildConfigurations = (
				A657479124CF3EF1009D036B /* Debug */,
				A657479224CF3EF1009D036B /* Release */,
			);
			defaultConfigurationIsVisible = 0;
			defaultConfigurationName = Release;
		};
		A657479324CF3EF1009D036B /* Build configuration list for PBXNativeTarget "drawl" */ = {
			isa = XCConfigurationList;
			buildConfigurations = (
				A657479424CF3EF1009D036B /* Debug */,
				A657479524CF3EF1009D036B /* Release */,
			);
			defaultConfigurationIsVisible = 0;
			defaultConfigurationName = Release;
		};
		A657479624CF3EF1009D036B /* Build configuration list for PBXNativeTarget "drawlTests" */ = {
			isa = XCConfigurationList;
			buildConfigurations = (
				A657479724CF3EF1009D036B /* Debug */,
				A657479824CF3EF1009D036B /* Release */,
			);
			defaultConfigurationIsVisible = 0;
			defaultConfigurationName = Release;
		};
/* End XCConfigurationList section */
	};
	rootObject = A657476C24CF3EEE009D036B /* Project object */;
}
